PODS:
  - WeiboSDK (3.1.1)

DEPENDENCIES:
  - WeiboSDK (from `https://github.com/sinaweibosdk/weibo_ios_sdk`)

EXTERNAL SOURCES:
  WeiboSDK:
    :git: https://github.com/sinaweibosdk/weibo_ios_sdk

CHECKOUT OPTIONS:
  WeiboSDK:
    :commit: 314dfb77b306a2a9a93ce7575def5dbc0ae7995a
    :git: https://github.com/sinaweibosdk/weibo_ios_sdk

SPEC CHECKSUMS:
  WeiboSDK: 5925fdb6199b44d504d62628a52186efa095a747

COCOAPODS: 0.38.2
