PODS:
  - Alamofire (2.0.0-beta.1)
  - MBProgressHUD (0.9.1)
  - SwiftyJSON (2.2.1)
  - WeiboSDK (3.1.1)

DEPENDENCIES:
  - Alamofire (from `https://github.com/Alamofire/Alamofire.git`, branch `swift-2.0`)
  - MBProgressHUD
  - SwiftyJSON (from `https://github.com/SwiftyJSON/SwiftyJSON.git`, branch `xcode7`)
  - WeiboSDK (from `https://github.com/sinaweibosdk/weibo_ios_sdk`)

EXTERNAL SOURCES:
  Alamofire:
    :branch: swift-2.0
    :git: https://github.com/Alamofire/Alamofire.git
  SwiftyJSON:
    :branch: xcode7
    :git: https://github.com/SwiftyJSON/SwiftyJSON.git
  WeiboSDK:
    :git: https://github.com/sinaweibosdk/weibo_ios_sdk

CHECKOUT OPTIONS:
  Alamofire:
    :commit: a457028a7761d220fde374a252011af66db21ffa
    :git: https://github.com/Alamofire/Alamofire.git
  SwiftyJSON:
    :commit: f269523ac572979245baa99c8475eab73caf1e9b
    :git: https://github.com/SwiftyJSON/SwiftyJSON.git
  WeiboSDK:
    :commit: 314dfb77b306a2a9a93ce7575def5dbc0ae7995a
    :git: https://github.com/sinaweibosdk/weibo_ios_sdk

SPEC CHECKSUMS:
  Alamofire: 96feccc1e48a735edb92395cf023ba4ed52bdb45
  MBProgressHUD: c47f2c166c126cf2ce36498d80f33e754d4e93ad
  SwiftyJSON: ae2d0a3d68025d136602a33c4ee215091ced3e33
  WeiboSDK: 5925fdb6199b44d504d62628a52186efa095a747

COCOAPODS: 0.38.2
