// !$*UTF8*$!
{
	archiveVersion = 1;
	classes = {
	};
	objectVersion = 46;
	objects = {

/* Begin PBXBuildFile section */
		092878441B9736F50068A41B /* StringConvertTool.swift in Sources */ = {isa = PBXBuildFile; fileRef = 092878431B9736F50068A41B /* StringConvertTool.swift */; settings = {ASSET_TAGS = (); }; };
		092878461B973FDE0068A41B /* StatusCell.swift in Sources */ = {isa = PBXBuildFile; fileRef = 092878451B973FDE0068A41B /* StatusCell.swift */; settings = {ASSET_TAGS = (); }; };
		093F63DA1B7B919D009C8660 /* CustomSearchBar.swift in Sources */ = {isa = PBXBuildFile; fileRef = 093F63D91B7B919D009C8660 /* CustomSearchBar.swift */; };
		09481C6C1B771E3700F2006E /* CustomTabBar.swift in Sources */ = {isa = PBXBuildFile; fileRef = 09481C6B1B771E3700F2006E /* CustomTabBar.swift */; };
		094D87041B772DA70039BCF9 /* HomeTableViewController.swift in Sources */ = {isa = PBXBuildFile; fileRef = 094D87031B772DA70039BCF9 /* HomeTableViewController.swift */; };
		094D87061B772DBA0039BCF9 /* MessageTableViewController.swift in Sources */ = {isa = PBXBuildFile; fileRef = 094D87051B772DBA0039BCF9 /* MessageTableViewController.swift */; };
		094D87081B772DC80039BCF9 /* DiscoverTableViewController.swift in Sources */ = {isa = PBXBuildFile; fileRef = 094D87071B772DC80039BCF9 /* DiscoverTableViewController.swift */; };
		094D870A1B772DD40039BCF9 /* ProfileTableViewController.swift in Sources */ = {isa = PBXBuildFile; fileRef = 094D87091B772DD40039BCF9 /* ProfileTableViewController.swift */; };
		094D870C1B7736AE0039BCF9 /* ExtensionBarButton.swift in Sources */ = {isa = PBXBuildFile; fileRef = 094D870B1B7736AE0039BCF9 /* ExtensionBarButton.swift */; };
		094D870F1B7744160039BCF9 /* CustomTitleView.swift in Sources */ = {isa = PBXBuildFile; fileRef = 094D870E1B7744160039BCF9 /* CustomTitleView.swift */; };
		0953E34E1B80B3EC007AF200 /* CustomPopMenu.swift in Sources */ = {isa = PBXBuildFile; fileRef = 0953E34D1B80B3EC007AF200 /* CustomPopMenu.swift */; };
		0953E3501B80B9F7007AF200 /* CustomOverlay.swift in Sources */ = {isa = PBXBuildFile; fileRef = 0953E34F1B80B9F7007AF200 /* CustomOverlay.swift */; };
		0953E3521B80BDF1007AF200 /* PopMenuTableViewController.swift in Sources */ = {isa = PBXBuildFile; fileRef = 0953E3511B80BDF1007AF200 /* PopMenuTableViewController.swift */; };
		09643A251B81F0EF003643A8 /* NewFeatureCollectionViewController.swift in Sources */ = {isa = PBXBuildFile; fileRef = 09643A241B81F0EF003643A8 /* NewFeatureCollectionViewController.swift */; };
		09858F901B89883600C445FB /* OauthTool.swift in Sources */ = {isa = PBXBuildFile; fileRef = 09858F8F1B89883600C445FB /* OauthTool.swift */; };
		09858F941B89960900C445FB /* Account.swift in Sources */ = {isa = PBXBuildFile; fileRef = 09858F931B89960900C445FB /* Account.swift */; };
		09858F971B89A94100C445FB /* Status.swift in Sources */ = {isa = PBXBuildFile; fileRef = 09858F961B89A94100C445FB /* Status.swift */; };
		09858F991B89A95400C445FB /* User.swift in Sources */ = {isa = PBXBuildFile; fileRef = 09858F981B89A95400C445FB /* User.swift */; };
		09858F9B1B89A96800C445FB /* Photo.swift in Sources */ = {isa = PBXBuildFile; fileRef = 09858F9A1B89A96800C445FB /* Photo.swift */; };
		099392CF1B84D2670086116B /* Podfile in Resources */ = {isa = PBXBuildFile; fileRef = 099392CE1B84D2670086116B /* Podfile */; };
		099392D11B84DCB30086116B /* OauthViewController.swift in Sources */ = {isa = PBXBuildFile; fileRef = 099392D01B84DCB20086116B /* OauthViewController.swift */; };
		099C7B741B762D7C0011BF10 /* AppDelegate.swift in Sources */ = {isa = PBXBuildFile; fileRef = 099C7B731B762D7C0011BF10 /* AppDelegate.swift */; };
		099C7B791B762D7C0011BF10 /* Main.storyboard in Resources */ = {isa = PBXBuildFile; fileRef = 099C7B771B762D7C0011BF10 /* Main.storyboard */; };
		099C7B7B1B762D7C0011BF10 /* Assets.xcassets in Resources */ = {isa = PBXBuildFile; fileRef = 099C7B7A1B762D7C0011BF10 /* Assets.xcassets */; };
		099C7B7E1B762D7C0011BF10 /* LaunchScreen.storyboard in Resources */ = {isa = PBXBuildFile; fileRef = 099C7B7C1B762D7C0011BF10 /* LaunchScreen.storyboard */; };
		099C7B881B7646B50011BF10 /* MainTabBarController.swift in Sources */ = {isa = PBXBuildFile; fileRef = 099C7B871B7646B50011BF10 /* MainTabBarController.swift */; };
		09CA542A1B8F4C0300D38B28 /* HTTPRequestTool.swift in Sources */ = {isa = PBXBuildFile; fileRef = 09CA54291B8F4C0300D38B28 /* HTTPRequestTool.swift */; settings = {ASSET_TAGS = (); }; };
		09D659C01B76F1C200184962 /* Constant.swift in Sources */ = {isa = PBXBuildFile; fileRef = 09D659BF1B76F1C200184962 /* Constant.swift */; };
		09DEC9031B80EDC1007B440C /* SettingTableViewController.swift in Sources */ = {isa = PBXBuildFile; fileRef = 09DEC9021B80EDC1007B440C /* SettingTableViewController.swift */; };
		09DEC9061B80F995007B440C /* BaseNavigationController.swift in Sources */ = {isa = PBXBuildFile; fileRef = 09DEC9051B80F995007B440C /* BaseNavigationController.swift */; };
		09EE4D471B7E4AA200B77A1A /* ExtensionColor.swift in Sources */ = {isa = PBXBuildFile; fileRef = 09EE4D461B7E4AA200B77A1A /* ExtensionColor.swift */; };
		09F6FCA21B9098FC00B51E5E /* StatusTool.swift in Sources */ = {isa = PBXBuildFile; fileRef = 09F6FCA11B9098FC00B51E5E /* StatusTool.swift */; settings = {ASSET_TAGS = (); }; };
		09F6FCA41B90B70700B51E5E /* StatusParam.swift in Sources */ = {isa = PBXBuildFile; fileRef = 09F6FCA31B90B70700B51E5E /* StatusParam.swift */; settings = {ASSET_TAGS = (); }; };
		09F6FCA91B9181B600B51E5E /* AccountParam.swift in Sources */ = {isa = PBXBuildFile; fileRef = 09F6FCA81B9181B600B51E5E /* AccountParam.swift */; settings = {ASSET_TAGS = (); }; };
		09F6FCAB1B918B1600B51E5E /* UnreadParam.swift in Sources */ = {isa = PBXBuildFile; fileRef = 09F6FCAA1B918B1600B51E5E /* UnreadParam.swift */; settings = {ASSET_TAGS = (); }; };
		09F6FCAD1B919E3600B51E5E /* UnreadResultParam.swift in Sources */ = {isa = PBXBuildFile; fileRef = 09F6FCAC1B919E3600B51E5E /* UnreadResultParam.swift */; settings = {ASSET_TAGS = (); }; };
		09F6FCB11B91A01A00B51E5E /* UserTool.swift in Sources */ = {isa = PBXBuildFile; fileRef = 09F6FCB01B91A01A00B51E5E /* UserTool.swift */; settings = {ASSET_TAGS = (); }; };
		09F6FCB31B91FAB200B51E5E /* silence.mp3 in Resources */ = {isa = PBXBuildFile; fileRef = 09F6FCB21B91FAB200B51E5E /* silence.mp3 */; settings = {ASSET_TAGS = (); }; };
		09F6FCB51B91FEA300B51E5E /* AVFoundation.framework in Frameworks */ = {isa = PBXBuildFile; fileRef = 09F6FCB41B91FEA300B51E5E /* AVFoundation.framework */; };
		6B3148E91AD123E220151F1F /* libPods.a in Frameworks */ = {isa = PBXBuildFile; fileRef = 12810358413F15C271008DBF /* libPods.a */; };
/* End PBXBuildFile section */

/* Begin PBXFileReference section */
		092878431B9736F50068A41B /* StringConvertTool.swift */ = {isa = PBXFileReference; fileEncoding = 4; lastKnownFileType = sourcecode.swift; path = StringConvertTool.swift; sourceTree = "<group>"; };
		092878451B973FDE0068A41B /* StatusCell.swift */ = {isa = PBXFileReference; fileEncoding = 4; lastKnownFileType = sourcecode.swift; path = StatusCell.swift; sourceTree = "<group>"; };
		093F63D91B7B919D009C8660 /* CustomSearchBar.swift */ = {isa = PBXFileReference; fileEncoding = 4; lastKnownFileType = sourcecode.swift; path = CustomSearchBar.swift; sourceTree = "<group>"; };
		09481C6B1B771E3700F2006E /* CustomTabBar.swift */ = {isa = PBXFileReference; fileEncoding = 4; lastKnownFileType = sourcecode.swift; path = CustomTabBar.swift; sourceTree = "<group>"; };
		094D87031B772DA70039BCF9 /* HomeTableViewController.swift */ = {isa = PBXFileReference; fileEncoding = 4; lastKnownFileType = sourcecode.swift; path = HomeTableViewController.swift; sourceTree = "<group>"; };
		094D87051B772DBA0039BCF9 /* MessageTableViewController.swift */ = {isa = PBXFileReference; fileEncoding = 4; lastKnownFileType = sourcecode.swift; path = MessageTableViewController.swift; sourceTree = "<group>"; };
		094D87071B772DC80039BCF9 /* DiscoverTableViewController.swift */ = {isa = PBXFileReference; fileEncoding = 4; lastKnownFileType = sourcecode.swift; path = DiscoverTableViewController.swift; sourceTree = "<group>"; };
		094D87091B772DD40039BCF9 /* ProfileTableViewController.swift */ = {isa = PBXFileReference; fileEncoding = 4; lastKnownFileType = sourcecode.swift; path = ProfileTableViewController.swift; sourceTree = "<group>"; };
		094D870B1B7736AE0039BCF9 /* ExtensionBarButton.swift */ = {isa = PBXFileReference; fileEncoding = 4; lastKnownFileType = sourcecode.swift; path = ExtensionBarButton.swift; sourceTree = "<group>"; };
		094D870E1B7744160039BCF9 /* CustomTitleView.swift */ = {isa = PBXFileReference; fileEncoding = 4; lastKnownFileType = sourcecode.swift; path = CustomTitleView.swift; sourceTree = "<group>"; };
		0953E34D1B80B3EC007AF200 /* CustomPopMenu.swift */ = {isa = PBXFileReference; fileEncoding = 4; lastKnownFileType = sourcecode.swift; path = CustomPopMenu.swift; sourceTree = "<group>"; };
		0953E34F1B80B9F7007AF200 /* CustomOverlay.swift */ = {isa = PBXFileReference; fileEncoding = 4; lastKnownFileType = sourcecode.swift; path = CustomOverlay.swift; sourceTree = "<group>"; };
		0953E3511B80BDF1007AF200 /* PopMenuTableViewController.swift */ = {isa = PBXFileReference; fileEncoding = 4; lastKnownFileType = sourcecode.swift; path = PopMenuTableViewController.swift; sourceTree = "<group>"; };
		095DFD0F1B775F5B00BE8F1C /* SinaWeibo-Bridging-Header.h */ = {isa = PBXFileReference; fileEncoding = 4; lastKnownFileType = sourcecode.c.h; path = "SinaWeibo-Bridging-Header.h"; sourceTree = "<group>"; };
		09643A241B81F0EF003643A8 /* NewFeatureCollectionViewController.swift */ = {isa = PBXFileReference; fileEncoding = 4; lastKnownFileType = sourcecode.swift; path = NewFeatureCollectionViewController.swift; sourceTree = "<group>"; };
		09858F8F1B89883600C445FB /* OauthTool.swift */ = {isa = PBXFileReference; fileEncoding = 4; lastKnownFileType = sourcecode.swift; path = OauthTool.swift; sourceTree = "<group>"; };
		09858F931B89960900C445FB /* Account.swift */ = {isa = PBXFileReference; fileEncoding = 4; lastKnownFileType = sourcecode.swift; path = Account.swift; sourceTree = "<group>"; };
		09858F961B89A94100C445FB /* Status.swift */ = {isa = PBXFileReference; fileEncoding = 4; lastKnownFileType = sourcecode.swift; path = Status.swift; sourceTree = "<group>"; };
		09858F981B89A95400C445FB /* User.swift */ = {isa = PBXFileReference; fileEncoding = 4; lastKnownFileType = sourcecode.swift; path = User.swift; sourceTree = "<group>"; };
		09858F9A1B89A96800C445FB /* Photo.swift */ = {isa = PBXFileReference; fileEncoding = 4; lastKnownFileType = sourcecode.swift; path = Photo.swift; sourceTree = "<group>"; };
		099392CE1B84D2670086116B /* Podfile */ = {isa = PBXFileReference; fileEncoding = 4; lastKnownFileType = text; path = Podfile; sourceTree = "<group>"; xcLanguageSpecificationIdentifier = xcode.lang.ruby; };
		099392D01B84DCB20086116B /* OauthViewController.swift */ = {isa = PBXFileReference; fileEncoding = 4; lastKnownFileType = sourcecode.swift; path = OauthViewController.swift; sourceTree = "<group>"; };
		099C7B701B762D7C0011BF10 /* SinaWeibo.app */ = {isa = PBXFileReference; explicitFileType = wrapper.application; includeInIndex = 0; path = SinaWeibo.app; sourceTree = BUILT_PRODUCTS_DIR; };
		099C7B731B762D7C0011BF10 /* AppDelegate.swift */ = {isa = PBXFileReference; lastKnownFileType = sourcecode.swift; path = AppDelegate.swift; sourceTree = "<group>"; };
		099C7B781B762D7C0011BF10 /* Base */ = {isa = PBXFileReference; lastKnownFileType = file.storyboard; name = Base; path = Base.lproj/Main.storyboard; sourceTree = "<group>"; };
		099C7B7A1B762D7C0011BF10 /* Assets.xcassets */ = {isa = PBXFileReference; lastKnownFileType = folder.assetcatalog; path = Assets.xcassets; sourceTree = "<group>"; };
		099C7B7D1B762D7C0011BF10 /* Base */ = {isa = PBXFileReference; lastKnownFileType = file.storyboard; name = Base; path = Base.lproj/LaunchScreen.storyboard; sourceTree = "<group>"; };
		099C7B7F1B762D7C0011BF10 /* Info.plist */ = {isa = PBXFileReference; lastKnownFileType = text.plist.xml; path = Info.plist; sourceTree = "<group>"; };
		099C7B871B7646B50011BF10 /* MainTabBarController.swift */ = {isa = PBXFileReference; fileEncoding = 4; lastKnownFileType = sourcecode.swift; path = MainTabBarController.swift; sourceTree = "<group>"; };
		09CA54291B8F4C0300D38B28 /* HTTPRequestTool.swift */ = {isa = PBXFileReference; fileEncoding = 4; lastKnownFileType = sourcecode.swift; path = HTTPRequestTool.swift; sourceTree = "<group>"; };
		09D659BF1B76F1C200184962 /* Constant.swift */ = {isa = PBXFileReference; fileEncoding = 4; lastKnownFileType = sourcecode.swift; path = Constant.swift; sourceTree = "<group>"; };
		09DEC9021B80EDC1007B440C /* SettingTableViewController.swift */ = {isa = PBXFileReference; fileEncoding = 4; lastKnownFileType = sourcecode.swift; path = SettingTableViewController.swift; sourceTree = "<group>"; };
		09DEC9051B80F995007B440C /* BaseNavigationController.swift */ = {isa = PBXFileReference; fileEncoding = 4; lastKnownFileType = sourcecode.swift; path = BaseNavigationController.swift; sourceTree = "<group>"; };
		09EE4D461B7E4AA200B77A1A /* ExtensionColor.swift */ = {isa = PBXFileReference; fileEncoding = 4; lastKnownFileType = sourcecode.swift; path = ExtensionColor.swift; sourceTree = "<group>"; };
		09F6FCA11B9098FC00B51E5E /* StatusTool.swift */ = {isa = PBXFileReference; fileEncoding = 4; lastKnownFileType = sourcecode.swift; path = StatusTool.swift; sourceTree = "<group>"; };
		09F6FCA31B90B70700B51E5E /* StatusParam.swift */ = {isa = PBXFileReference; fileEncoding = 4; lastKnownFileType = sourcecode.swift; path = StatusParam.swift; sourceTree = "<group>"; };
		09F6FCA81B9181B600B51E5E /* AccountParam.swift */ = {isa = PBXFileReference; fileEncoding = 4; lastKnownFileType = sourcecode.swift; path = AccountParam.swift; sourceTree = "<group>"; };
		09F6FCAA1B918B1600B51E5E /* UnreadParam.swift */ = {isa = PBXFileReference; fileEncoding = 4; lastKnownFileType = sourcecode.swift; path = UnreadParam.swift; sourceTree = "<group>"; };
		09F6FCAC1B919E3600B51E5E /* UnreadResultParam.swift */ = {isa = PBXFileReference; fileEncoding = 4; lastKnownFileType = sourcecode.swift; path = UnreadResultParam.swift; sourceTree = "<group>"; };
		09F6FCB01B91A01A00B51E5E /* UserTool.swift */ = {isa = PBXFileReference; fileEncoding = 4; lastKnownFileType = sourcecode.swift; path = UserTool.swift; sourceTree = "<group>"; };
		09F6FCB21B91FAB200B51E5E /* silence.mp3 */ = {isa = PBXFileReference; lastKnownFileType = audio.mp3; path = silence.mp3; sourceTree = "<group>"; };
		09F6FCB41B91FEA300B51E5E /* AVFoundation.framework */ = {isa = PBXFileReference; lastKnownFileType = wrapper.framework; name = AVFoundation.framework; path = System/Library/Frameworks/AVFoundation.framework; sourceTree = SDKROOT; };
		12810358413F15C271008DBF /* libPods.a */ = {isa = PBXFileReference; explicitFileType = archive.ar; includeInIndex = 0; path = libPods.a; sourceTree = BUILT_PRODUCTS_DIR; };
		B1A1DF4856983FF6AFED51DF /* Pods.release.xcconfig */ = {isa = PBXFileReference; includeInIndex = 1; lastKnownFileType = text.xcconfig; name = Pods.release.xcconfig; path = "Pods/Target Support Files/Pods/Pods.release.xcconfig"; sourceTree = "<group>"; };
		EAF1DA7EB8D47EB400577B86 /* Pods.debug.xcconfig */ = {isa = PBXFileReference; includeInIndex = 1; lastKnownFileType = text.xcconfig; name = Pods.debug.xcconfig; path = "Pods/Target Support Files/Pods/Pods.debug.xcconfig"; sourceTree = "<group>"; };
/* End PBXFileReference section */

/* Begin PBXFrameworksBuildPhase section */
		099C7B6D1B762D7C0011BF10 /* Frameworks */ = {
			isa = PBXFrameworksBuildPhase;
			buildActionMask = 2147483647;
			files = (
				09F6FCB51B91FEA300B51E5E /* AVFoundation.framework in Frameworks */,
				6B3148E91AD123E220151F1F /* libPods.a in Frameworks */,
			);
			runOnlyForDeploymentPostprocessing = 0;
		};
/* End PBXFrameworksBuildPhase section */

/* Begin PBXGroup section */
		094D87021B772BE80039BCF9 /* Controllers */ = {
			isa = PBXGroup;
			children = (
				09516A5B1B81AB560008BD3A /* PublicVC */,
				0953E3531B80BDF9007AF200 /* Home */,
				0950CC3E1B83909D007080B2 /* Message */,
				0950CC3F1B8390AC007080B2 /* Discover */,
				09DEC9041B80EDC6007B440C /* Profile */,
			);
			name = Controllers;
			sourceTree = "<group>";
		};
		094D870D1B7741170039BCF9 /* CustomView */ = {
			isa = PBXGroup;
			children = (
				094F24921B80CFFF00A28EF6 /* Discover */,
				094F24901B80CF9100A28EF6 /* Home */,
				09516A5A1B81AB2A0008BD3A /* PublicView */,
			);
			name = CustomView;
			sourceTree = "<group>";
		};
		094F24901B80CF9100A28EF6 /* Home */ = {
			isa = PBXGroup;
			children = (
				094D870E1B7744160039BCF9 /* CustomTitleView.swift */,
				0953E34D1B80B3EC007AF200 /* CustomPopMenu.swift */,
				0953E34F1B80B9F7007AF200 /* CustomOverlay.swift */,
				092878451B973FDE0068A41B /* StatusCell.swift */,
			);
			name = Home;
			sourceTree = "<group>";
		};
		094F24911B80CFD200A28EF6 /* Tool */ = {
			isa = PBXGroup;
			children = (
				09F6FCAE1B919FD700B51E5E /* Home */,
				09F6FCAF1B919FEF00B51E5E /* Public */,
			);
			name = Tool;
			sourceTree = "<group>";
		};
		094F24921B80CFFF00A28EF6 /* Discover */ = {
			isa = PBXGroup;
			children = (
				093F63D91B7B919D009C8660 /* CustomSearchBar.swift */,
			);
			name = Discover;
			sourceTree = "<group>";
		};
		0950CC3E1B83909D007080B2 /* Message */ = {
			isa = PBXGroup;
			children = (
				094D87051B772DBA0039BCF9 /* MessageTableViewController.swift */,
			);
			name = Message;
			sourceTree = "<group>";
		};
		0950CC3F1B8390AC007080B2 /* Discover */ = {
			isa = PBXGroup;
			children = (
				094D87071B772DC80039BCF9 /* DiscoverTableViewController.swift */,
			);
			name = Discover;
			sourceTree = "<group>";
		};
		09516A5A1B81AB2A0008BD3A /* PublicView */ = {
			isa = PBXGroup;
			children = (
				09481C6B1B771E3700F2006E /* CustomTabBar.swift */,
				094D870B1B7736AE0039BCF9 /* ExtensionBarButton.swift */,
			);
			name = PublicView;
			sourceTree = "<group>";
		};
		09516A5B1B81AB560008BD3A /* PublicVC */ = {
			isa = PBXGroup;
			children = (
				099C7B871B7646B50011BF10 /* MainTabBarController.swift */,
				09DEC9051B80F995007B440C /* BaseNavigationController.swift */,
				09643A241B81F0EF003643A8 /* NewFeatureCollectionViewController.swift */,
				099392D01B84DCB20086116B /* OauthViewController.swift */,
			);
			name = PublicVC;
			sourceTree = "<group>";
		};
		0953E3531B80BDF9007AF200 /* Home */ = {
			isa = PBXGroup;
			children = (
				094D87031B772DA70039BCF9 /* HomeTableViewController.swift */,
				0953E3511B80BDF1007AF200 /* PopMenuTableViewController.swift */,
			);
			name = Home;
			sourceTree = "<group>";
		};
		095DFD101B77610600BE8F1C /* Source */ = {
			isa = PBXGroup;
			children = (
				09F6FCB21B91FAB200B51E5E /* silence.mp3 */,
			);
			path = Source;
			sourceTree = "<group>";
		};
		09858F911B8995D800C445FB /* Model */ = {
			isa = PBXGroup;
			children = (
				09858F951B89A8FF00C445FB /* Home */,
				09858F921B8995F000C445FB /* Public */,
			);
			name = Model;
			sourceTree = "<group>";
		};
		09858F921B8995F000C445FB /* Public */ = {
			isa = PBXGroup;
			children = (
				09858F931B89960900C445FB /* Account.swift */,
				092878431B9736F50068A41B /* StringConvertTool.swift */,
				09F6FCA81B9181B600B51E5E /* AccountParam.swift */,
				09F6FCAA1B918B1600B51E5E /* UnreadParam.swift */,
				09F6FCAC1B919E3600B51E5E /* UnreadResultParam.swift */,
			);
			name = Public;
			sourceTree = "<group>";
		};
		09858F951B89A8FF00C445FB /* Home */ = {
			isa = PBXGroup;
			children = (
				09858F961B89A94100C445FB /* Status.swift */,
				09858F981B89A95400C445FB /* User.swift */,
				09858F9A1B89A96800C445FB /* Photo.swift */,
				09F6FCA31B90B70700B51E5E /* StatusParam.swift */,
			);
			name = Home;
			sourceTree = "<group>";
		};
		099C7B671B762D7C0011BF10 = {
			isa = PBXGroup;
			children = (
				099392CE1B84D2670086116B /* Podfile */,
				099C7B721B762D7C0011BF10 /* SinaWeibo */,
				099C7B711B762D7C0011BF10 /* Products */,
				B1CA98E79DF061953A59F02B /* Pods */,
				B45519BAA8B665607B643149 /* Frameworks */,
			);
			sourceTree = "<group>";
		};
		099C7B711B762D7C0011BF10 /* Products */ = {
			isa = PBXGroup;
			children = (
				099C7B701B762D7C0011BF10 /* SinaWeibo.app */,
			);
			name = Products;
			sourceTree = "<group>";
		};
		099C7B721B762D7C0011BF10 /* SinaWeibo */ = {
			isa = PBXGroup;
			children = (
				094D87021B772BE80039BCF9 /* Controllers */,
				094D870D1B7741170039BCF9 /* CustomView */,
				09858F911B8995D800C445FB /* Model */,
				094F24911B80CFD200A28EF6 /* Tool */,
				099C7B771B762D7C0011BF10 /* Main.storyboard */,
				099C7B7A1B762D7C0011BF10 /* Assets.xcassets */,
				099C7B731B762D7C0011BF10 /* AppDelegate.swift */,
				095DFD0F1B775F5B00BE8F1C /* SinaWeibo-Bridging-Header.h */,
				095DFD101B77610600BE8F1C /* Source */,
				099C7B7F1B762D7C0011BF10 /* Info.plist */,
				099C7B7C1B762D7C0011BF10 /* LaunchScreen.storyboard */,
			);
			path = SinaWeibo;
			sourceTree = "<group>";
		};
		09DEC9041B80EDC6007B440C /* Profile */ = {
			isa = PBXGroup;
			children = (
				094D87091B772DD40039BCF9 /* ProfileTableViewController.swift */,
				09DEC9021B80EDC1007B440C /* SettingTableViewController.swift */,
			);
			name = Profile;
			sourceTree = "<group>";
		};
		09F6FCAE1B919FD700B51E5E /* Home */ = {
			isa = PBXGroup;
			children = (
				09F6FCA11B9098FC00B51E5E /* StatusTool.swift */,
			);
			name = Home;
			sourceTree = "<group>";
		};
		09F6FCAF1B919FEF00B51E5E /* Public */ = {
			isa = PBXGroup;
			children = (
				09D659BF1B76F1C200184962 /* Constant.swift */,
				09F6FCB01B91A01A00B51E5E /* UserTool.swift */,
				09858F8F1B89883600C445FB /* OauthTool.swift */,
				09EE4D461B7E4AA200B77A1A /* ExtensionColor.swift */,
				09CA54291B8F4C0300D38B28 /* HTTPRequestTool.swift */,
			);
			name = Public;
			sourceTree = "<group>";
		};
		B1CA98E79DF061953A59F02B /* Pods */ = {
			isa = PBXGroup;
			children = (
				EAF1DA7EB8D47EB400577B86 /* Pods.debug.xcconfig */,
				B1A1DF4856983FF6AFED51DF /* Pods.release.xcconfig */,
			);
			name = Pods;
			sourceTree = "<group>";
		};
		B45519BAA8B665607B643149 /* Frameworks */ = {
			isa = PBXGroup;
			children = (
				09F6FCB41B91FEA300B51E5E /* AVFoundation.framework */,
				12810358413F15C271008DBF /* libPods.a */,
			);
			name = Frameworks;
			sourceTree = "<group>";
		};
/* End PBXGroup section */

/* Begin PBXNativeTarget section */
		099C7B6F1B762D7C0011BF10 /* SinaWeibo */ = {
			isa = PBXNativeTarget;
			buildConfigurationList = 099C7B821B762D7C0011BF10 /* Build configuration list for PBXNativeTarget "SinaWeibo" */;
			buildPhases = (
				5FCA8485A732B80922984037 /* Check Pods Manifest.lock */,
				099C7B6C1B762D7C0011BF10 /* Sources */,
				099C7B6D1B762D7C0011BF10 /* Frameworks */,
				099C7B6E1B762D7C0011BF10 /* Resources */,
				B231BF70B4522A652BE84BB4 /* Copy Pods Resources */,
			);
			buildRules = (
			);
			dependencies = (
			);
			name = SinaWeibo;
			productName = SinaWeibo;
			productReference = 099C7B701B762D7C0011BF10 /* SinaWeibo.app */;
			productType = "com.apple.product-type.application";
		};
/* End PBXNativeTarget section */

/* Begin PBXProject section */
		099C7B681B762D7C0011BF10 /* Project object */ = {
			isa = PBXProject;
			attributes = {
				LastSwiftUpdateCheck = 0700;
				LastUpgradeCheck = 0700;
				ORGANIZATIONNAME = "Beijing Gold Finger Education Technology LLC";
				TargetAttributes = {
					099C7B6F1B762D7C0011BF10 = {
						CreatedOnToolsVersion = 7.0;
						SystemCapabilities = {
							com.apple.BackgroundModes = {
								enabled = 1;
							};
						};
					};
				};
			};
			buildConfigurationList = 099C7B6B1B762D7C0011BF10 /* Build configuration list for PBXProject "SinaWeibo" */;
			compatibilityVersion = "Xcode 3.2";
			developmentRegion = English;
			hasScannedForEncodings = 0;
			knownRegions = (
				en,
				Base,
			);
			mainGroup = 099C7B671B762D7C0011BF10;
			productRefGroup = 099C7B711B762D7C0011BF10 /* Products */;
			projectDirPath = "";
			projectRoot = "";
			targets = (
				099C7B6F1B762D7C0011BF10 /* SinaWeibo */,
			);
		};
/* End PBXProject section */

/* Begin PBXResourcesBuildPhase section */
		099C7B6E1B762D7C0011BF10 /* Resources */ = {
			isa = PBXResourcesBuildPhase;
			buildActionMask = 2147483647;
			files = (
				09F6FCB31B91FAB200B51E5E /* silence.mp3 in Resources */,
				099C7B7E1B762D7C0011BF10 /* LaunchScreen.storyboard in Resources */,
				099C7B7B1B762D7C0011BF10 /* Assets.xcassets in Resources */,
				099392CF1B84D2670086116B /* Podfile in Resources */,
				099C7B791B762D7C0011BF10 /* Main.storyboard in Resources */,
			);
			runOnlyForDeploymentPostprocessing = 0;
		};
/* End PBXResourcesBuildPhase section */

/* Begin PBXShellScriptBuildPhase section */
		5FCA8485A732B80922984037 /* Check Pods Manifest.lock */ = {
			isa = PBXShellScriptBuildPhase;
			buildActionMask = 2147483647;
			files = (
			);
			inputPaths = (
			);
			name = "Check Pods Manifest.lock";
			outputPaths = (
			);
			runOnlyForDeploymentPostprocessing = 0;
			shellPath = /bin/sh;
			shellScript = "diff \"${PODS_ROOT}/../Podfile.lock\" \"${PODS_ROOT}/Manifest.lock\" > /dev/null\nif [[ $? != 0 ]] ; then\n    cat << EOM\nerror: The sandbox is not in sync with the Podfile.lock. Run 'pod install' or update your CocoaPods installation.\nEOM\n    exit 1\nfi\n";
			showEnvVarsInLog = 0;
		};
		B231BF70B4522A652BE84BB4 /* Copy Pods Resources */ = {
			isa = PBXShellScriptBuildPhase;
			buildActionMask = 2147483647;
			files = (
			);
			inputPaths = (
			);
			name = "Copy Pods Resources";
			outputPaths = (
			);
			runOnlyForDeploymentPostprocessing = 0;
			shellPath = /bin/sh;
			shellScript = "\"${SRCROOT}/Pods/Target Support Files/Pods/Pods-resources.sh\"\n";
			showEnvVarsInLog = 0;
		};
/* End PBXShellScriptBuildPhase section */

/* Begin PBXSourcesBuildPhase section */
		099C7B6C1B762D7C0011BF10 /* Sources */ = {
			isa = PBXSourcesBuildPhase;
			buildActionMask = 2147483647;
			files = (
				094D870F1B7744160039BCF9 /* CustomTitleView.swift in Sources */,
				09F6FCAD1B919E3600B51E5E /* UnreadResultParam.swift in Sources */,
				094D87081B772DC80039BCF9 /* DiscoverTableViewController.swift in Sources */,
				09F6FCA91B9181B600B51E5E /* AccountParam.swift in Sources */,
				09858F991B89A95400C445FB /* User.swift in Sources */,
				093F63DA1B7B919D009C8660 /* CustomSearchBar.swift in Sources */,
				09481C6C1B771E3700F2006E /* CustomTabBar.swift in Sources */,
				09858F9B1B89A96800C445FB /* Photo.swift in Sources */,
				092878441B9736F50068A41B /* StringConvertTool.swift in Sources */,
				099C7B881B7646B50011BF10 /* MainTabBarController.swift in Sources */,
				09DEC9061B80F995007B440C /* BaseNavigationController.swift in Sources */,
				09F6FCAB1B918B1600B51E5E /* UnreadParam.swift in Sources */,
				09DEC9031B80EDC1007B440C /* SettingTableViewController.swift in Sources */,
				09F6FCA41B90B70700B51E5E /* StatusParam.swift in Sources */,
				09858F941B89960900C445FB /* Account.swift in Sources */,
				09643A251B81F0EF003643A8 /* NewFeatureCollectionViewController.swift in Sources */,
				0953E3521B80BDF1007AF200 /* PopMenuTableViewController.swift in Sources */,
				09858F971B89A94100C445FB /* Status.swift in Sources */,
				09CA542A1B8F4C0300D38B28 /* HTTPRequestTool.swift in Sources */,
				099C7B741B762D7C0011BF10 /* AppDelegate.swift in Sources */,
				094D870C1B7736AE0039BCF9 /* ExtensionBarButton.swift in Sources */,
				099392D11B84DCB30086116B /* OauthViewController.swift in Sources */,
				0953E34E1B80B3EC007AF200 /* CustomPopMenu.swift in Sources */,
				09858F901B89883600C445FB /* OauthTool.swift in Sources */,
				09F6FCA21B9098FC00B51E5E /* StatusTool.swift in Sources */,
				09EE4D471B7E4AA200B77A1A /* ExtensionColor.swift in Sources */,
				092878461B973FDE0068A41B /* StatusCell.swift in Sources */,
				0953E3501B80B9F7007AF200 /* CustomOverlay.swift in Sources */,
				09D659C01B76F1C200184962 /* Constant.swift in Sources */,
				09F6FCB11B91A01A00B51E5E /* UserTool.swift in Sources */,
				094D87061B772DBA0039BCF9 /* MessageTableViewController.swift in Sources */,
				094D870A1B772DD40039BCF9 /* ProfileTableViewController.swift in Sources */,
				094D87041B772DA70039BCF9 /* HomeTableViewController.swift in Sources */,
			);
			runOnlyForDeploymentPostprocessing = 0;
		};
/* End PBXSourcesBuildPhase section */

/* Begin PBXVariantGroup section */
		099C7B771B762D7C0011BF10 /* Main.storyboard */ = {
			isa = PBXVariantGroup;
			children = (
				099C7B781B762D7C0011BF10 /* Base */,
			);
			name = Main.storyboard;
			sourceTree = "<group>";
		};
		099C7B7C1B762D7C0011BF10 /* LaunchScreen.storyboard */ = {
			isa = PBXVariantGroup;
			children = (
				099C7B7D1B762D7C0011BF10 /* Base */,
			);
			name = LaunchScreen.storyboard;
			sourceTree = "<group>";
		};
/* End PBXVariantGroup section */

/* Begin XCBuildConfiguration section */
		099C7B801B762D7C0011BF10 /* Debug */ = {
			isa = XCBuildConfiguration;
			buildSettings = {
				ALWAYS_SEARCH_USER_PATHS = NO;
				CLANG_CXX_LANGUAGE_STANDARD = "gnu++0x";
				CLANG_CXX_LIBRARY = "libc++";
				CLANG_ENABLE_MODULES = YES;
				CLANG_ENABLE_OBJC_ARC = YES;
				CLANG_WARN_BOOL_CONVERSION = YES;
				CLANG_WARN_CONSTANT_CONVERSION = YES;
				CLANG_WARN_DIRECT_OBJC_ISA_USAGE = YES_ERROR;
				CLANG_WARN_EMPTY_BODY = YES;
				CLANG_WARN_ENUM_CONVERSION = YES;
				CLANG_WARN_INT_CONVERSION = YES;
				CLANG_WARN_OBJC_ROOT_CLASS = YES_ERROR;
				CLANG_WARN_UNREACHABLE_CODE = YES;
				CLANG_WARN__DUPLICATE_METHOD_MATCH = YES;
				"CODE_SIGN_IDENTITY[sdk=iphoneos*]" = "iPhone Developer";
				COPY_PHASE_STRIP = NO;
				DEBUG_INFORMATION_FORMAT = dwarf;
				ENABLE_STRICT_OBJC_MSGSEND = YES;
				ENABLE_TESTABILITY = YES;
				GCC_C_LANGUAGE_STANDARD = gnu99;
				GCC_DYNAMIC_NO_PIC = NO;
				GCC_NO_COMMON_BLOCKS = YES;
				GCC_OPTIMIZATION_LEVEL = 0;
				GCC_PREPROCESSOR_DEFINITIONS = (
					"DEBUG=1",
					"$(inherited)",
				);
				GCC_WARN_64_TO_32_BIT_CONVERSION = YES;
				GCC_WARN_ABOUT_RETURN_TYPE = YES_ERROR;
				GCC_WARN_UNDECLARED_SELECTOR = YES;
				GCC_WARN_UNINITIALIZED_AUTOS = YES_AGGRESSIVE;
				GCC_WARN_UNUSED_FUNCTION = YES;
				GCC_WARN_UNUSED_VARIABLE = YES;
				IPHONEOS_DEPLOYMENT_TARGET = 7.0;
				MTL_ENABLE_DEBUG_INFO = YES;
				ONLY_ACTIVE_ARCH = YES;
				SDKROOT = iphoneos;
				SWIFT_OPTIMIZATION_LEVEL = "-Onone";
			};
			name = Debug;
		};
		099C7B811B762D7C0011BF10 /* Release */ = {
			isa = XCBuildConfiguration;
			buildSettings = {
				ALWAYS_SEARCH_USER_PATHS = NO;
				CLANG_CXX_LANGUAGE_STANDARD = "gnu++0x";
				CLANG_CXX_LIBRARY = "libc++";
				CLANG_ENABLE_MODULES = YES;
				CLANG_ENABLE_OBJC_ARC = YES;
				CLANG_WARN_BOOL_CONVERSION = YES;
				CLANG_WARN_CONSTANT_CONVERSION = YES;
				CLANG_WARN_DIRECT_OBJC_ISA_USAGE = YES_ERROR;
				CLANG_WARN_EMPTY_BODY = YES;
				CLANG_WARN_ENUM_CONVERSION = YES;
				CLANG_WARN_INT_CONVERSION = YES;
				CLANG_WARN_OBJC_ROOT_CLASS = YES_ERROR;
				CLANG_WARN_UNREACHABLE_CODE = YES;
				CLANG_WARN__DUPLICATE_METHOD_MATCH = YES;
				"CODE_SIGN_IDENTITY[sdk=iphoneos*]" = "iPhone Developer";
				COPY_PHASE_STRIP = NO;
				DEBUG_INFORMATION_FORMAT = "dwarf-with-dsym";
				ENABLE_NS_ASSERTIONS = NO;
				ENABLE_STRICT_OBJC_MSGSEND = YES;
				GCC_C_LANGUAGE_STANDARD = gnu99;
				GCC_NO_COMMON_BLOCKS = YES;
				GCC_WARN_64_TO_32_BIT_CONVERSION = YES;
				GCC_WARN_ABOUT_RETURN_TYPE = YES_ERROR;
				GCC_WARN_UNDECLARED_SELECTOR = YES;
				GCC_WARN_UNINITIALIZED_AUTOS = YES_AGGRESSIVE;
				GCC_WARN_UNUSED_FUNCTION = YES;
				GCC_WARN_UNUSED_VARIABLE = YES;
				IPHONEOS_DEPLOYMENT_TARGET = 7.0;
				MTL_ENABLE_DEBUG_INFO = NO;
				SDKROOT = iphoneos;
				VALIDATE_PRODUCT = YES;
			};
			name = Release;
		};
		099C7B831B762D7C0011BF10 /* Debug */ = {
			isa = XCBuildConfiguration;
			baseConfigurationReference = EAF1DA7EB8D47EB400577B86 /* Pods.debug.xcconfig */;
			buildSettings = {
				ASSETCATALOG_COMPILER_APPICON_NAME = AppIcon;
				ASSETCATALOG_COMPILER_LAUNCHIMAGE_NAME = BrandAsset;
				CLANG_ENABLE_MODULES = YES;
				INFOPLIST_FILE = SinaWeibo/Info.plist;
				IPHONEOS_DEPLOYMENT_TARGET = 9.0;
				LD_RUNPATH_SEARCH_PATHS = "$(inherited) @executable_path/Frameworks";
				PRODUCT_BUNDLE_IDENTIFIER = com.ibaby.SinaWeibo;
				PRODUCT_NAME = "$(TARGET_NAME)";
				SWIFT_OBJC_BRIDGING_HEADER = "SinaWeibo/SinaWeibo-Bridging-Header.h";
				SWIFT_OPTIMIZATION_LEVEL = "-Onone";
			};
			name = Debug;
		};
		099C7B841B762D7C0011BF10 /* Release */ = {
			isa = XCBuildConfiguration;
			baseConfigurationReference = B1A1DF4856983FF6AFED51DF /* Pods.release.xcconfig */;
			buildSettings = {
				ASSETCATALOG_COMPILER_APPICON_NAME = AppIcon;
				ASSETCATALOG_COMPILER_LAUNCHIMAGE_NAME = BrandAsset;
				CLANG_ENABLE_MODULES = YES;
				INFOPLIST_FILE = SinaWeibo/Info.plist;
				IPHONEOS_DEPLOYMENT_TARGET = 9.0;
				LD_RUNPATH_SEARCH_PATHS = "$(inherited) @executable_path/Frameworks";
				PRODUCT_BUNDLE_IDENTIFIER = com.ibaby.SinaWeibo;
				PRODUCT_NAME = "$(TARGET_NAME)";
				SWIFT_OBJC_BRIDGING_HEADER = "SinaWeibo/SinaWeibo-Bridging-Header.h";
			};
			name = Release;
		};
/* End XCBuildConfiguration section */

/* Begin XCConfigurationList section */
		099C7B6B1B762D7C0011BF10 /* Build configuration list for PBXProject "SinaWeibo" */ = {
			isa = XCConfigurationList;
			buildConfigurations = (
				099C7B801B762D7C0011BF10 /* Debug */,
				099C7B811B762D7C0011BF10 /* Release */,
			);
			defaultConfigurationIsVisible = 0;
			defaultConfigurationName = Release;
		};
		099C7B821B762D7C0011BF10 /* Build configuration list for PBXNativeTarget "SinaWeibo" */ = {
			isa = XCConfigurationList;
			buildConfigurations = (
				099C7B831B762D7C0011BF10 /* Debug */,
				099C7B841B762D7C0011BF10 /* Release */,
			);
			defaultConfigurationIsVisible = 0;
			defaultConfigurationName = Release;
		};
/* End XCConfigurationList section */
	};
	rootObject = 099C7B681B762D7C0011BF10 /* Project object */;
}
